
Microsoft Visual Studio Solution File, Format Version 12.00
# Visual Studio Version 16
VisualStudioVersion = 16.0.30621.155
MinimumVisualStudioVersion = 10.0.40219.1
Project("{9A19103F-16F7-4668-BE54-9A1E7A4F7556}") = "SinglePlayerBattleship", "SinglePlayerBattleship\SinglePlayerBattleship.csproj", "{11EE6C9D-E1A7-40F0-A5F4-F5DEB5AD0585}"
	ProjectSection(ProjectDependencies) = postProject
		{C8F75402-F47B-41AA-A2C9-199E3A37CA5F} = {C8F75402-F47B-41AA-A2C9-199E3A37CA5F}
	EndProjectSection
EndProject
Project("{9A19103F-16F7-4668-BE54-9A1E7A4F7556}") = "Battleship.Logic", "Battleship.Logic\Battleship.Logic.csproj", "{C8F75402-F47B-41AA-A2C9-199E3A37CA5F}"
EndProject
Project("{FAE04EC0-301F-11D3-BF4B-00C04F79EFBC}") = "Battleship.UnitTest", "Battleship.UnitTest\Battleship.UnitTest.csproj", "{057C89CE-25CA-4677-8253-B19855B9BA64}"
	ProjectSection(ProjectDependencies) = postProject
		{C8F75402-F47B-41AA-A2C9-199E3A37CA5F} = {C8F75402-F47B-41AA-A2C9-199E3A37CA5F}
	EndProjectSection
EndProject
Global
	GlobalSection(SolutionConfigurationPlatforms) = preSolution
		Debug|Any CPU = Debug|Any CPU
		Release|Any CPU = Release|Any CPU
	EndGlobalSection
	GlobalSection(ProjectConfigurationPlatforms) = postSolution
		{11EE6C9D-E1A7-40F0-A5F4-F5DEB5AD0585}.Debug|Any CPU.ActiveCfg = Debug|Any CPU
		{11EE6C9D-E1A7-40F0-A5F4-F5DEB5AD0585}.Debug|Any CPU.Build.0 = Debug|Any CPU
		{11EE6C9D-E1A7-40F0-A5F4-F5DEB5AD0585}.Release|Any CPU.ActiveCfg = Release|Any CPU
		{11EE6C9D-E1A7-40F0-A5F4-F5DEB5AD0585}.Release|Any CPU.Build.0 = Release|Any CPU
		{C8F75402-F47B-41AA-A2C9-199E3A37CA5F}.Debug|Any CPU.ActiveCfg = Debug|Any CPU
		{C8F75402-F47B-41AA-A2C9-199E3A37CA5F}.Debug|Any CPU.Build.0 = Debug|Any CPU
		{C8F75402-F47B-41AA-A2C9-199E3A37CA5F}.Release|Any CPU.ActiveCfg = Release|Any CPU
		{C8F75402-F47B-41AA-A2C9-199E3A37CA5F}.Release|Any CPU.Build.0 = Release|Any CPU
		{057C89CE-25CA-4677-8253-B19855B9BA64}.Debug|Any CPU.ActiveCfg = Debug|Any CPU
		{057C89CE-25CA-4677-8253-B19855B9BA64}.Debug|Any CPU.Build.0 = Debug|Any CPU
		{057C89CE-25CA-4677-8253-B19855B9BA64}.Release|Any CPU.ActiveCfg = Release|Any CPU
		{057C89CE-25CA-4677-8253-B19855B9BA64}.Release|Any CPU.Build.0 = Release|Any CPU
	EndGlobalSection
	GlobalSection(SolutionProperties) = preSolution
		HideSolutionNode = FALSE
	EndGlobalSection
	GlobalSection(ExtensibilityGlobals) = postSolution
		SolutionGuid = {82F7ADD6-FF28-4685-895F-311FED584B26}
	EndGlobalSection
EndGlobal
